
Microsoft Visual Studio Solution File, Format Version 12.00
# Visual Studio Version 16
VisualStudioVersion = 16.0.30225.117
MinimumVisualStudioVersion = 10.0.40219.1
Project("{9A19103F-16F7-4668-BE54-9A1E7A4F7556}") = "DeliveryService.Server", "Server\DeliveryService.Server.csproj", "{0928AFA4-38DB-4BF9-B4D1-069365E8065E}"
EndProject
Project("{9A19103F-16F7-4668-BE54-9A1E7A4F7556}") = "DeliveryService.Client", "Client\DeliveryService.Client.csproj", "{6CC17F82-B24B-4EFF-B083-18A89D47CFCA}"
EndProject
Project("{9A19103F-16F7-4668-BE54-9A1E7A4F7556}") = "DeliveryService.Shared", "Shared\DeliveryService.Shared.csproj", "{18363085-CB13-4CCB-BE16-BDB0EAAF1653}"
EndProject
Project("{FAE04EC0-301F-11D3-BF4B-00C04F79EFBC}") = "DeliveryService.Customer", "DeliveryService.Customer\DeliveryService.Customer.csproj", "{368A3D92-9608-4D04-A7DB-CCC41416D540}"
EndProject
Project("{FAE04EC0-301F-11D3-BF4B-00C04F79EFBC}") = "DeliveryService.Rider", "DeliveryService.Rider\DeliveryService.Rider.csproj", "{F8689421-2CF4-469C-9B53-770BCAFB1DFC}"
EndProject
Project("{FAE04EC0-301F-11D3-BF4B-00C04F79EFBC}") = "SharedComponents", "SharedComponents\SharedComponents.csproj", "{29FF4703-9820-4D3B-BE68-F8113FF84EA5}"
EndProject
Global
	GlobalSection(SolutionConfigurationPlatforms) = preSolution
		Debug|Any CPU = Debug|Any CPU
		Release|Any CPU = Release|Any CPU
	EndGlobalSection
	GlobalSection(ProjectConfigurationPlatforms) = postSolution
		{0928AFA4-38DB-4BF9-B4D1-069365E8065E}.Debug|Any CPU.ActiveCfg = Debug|Any CPU
		{0928AFA4-38DB-4BF9-B4D1-069365E8065E}.Debug|Any CPU.Build.0 = Debug|Any CPU
		{0928AFA4-38DB-4BF9-B4D1-069365E8065E}.Release|Any CPU.ActiveCfg = Release|Any CPU
		{0928AFA4-38DB-4BF9-B4D1-069365E8065E}.Release|Any CPU.Build.0 = Release|Any CPU
		{6CC17F82-B24B-4EFF-B083-18A89D47CFCA}.Debug|Any CPU.ActiveCfg = Debug|Any CPU
		{6CC17F82-B24B-4EFF-B083-18A89D47CFCA}.Debug|Any CPU.Build.0 = Debug|Any CPU
		{6CC17F82-B24B-4EFF-B083-18A89D47CFCA}.Release|Any CPU.ActiveCfg = Release|Any CPU
		{6CC17F82-B24B-4EFF-B083-18A89D47CFCA}.Release|Any CPU.Build.0 = Release|Any CPU
		{18363085-CB13-4CCB-BE16-BDB0EAAF1653}.Debug|Any CPU.ActiveCfg = Debug|Any CPU
		{18363085-CB13-4CCB-BE16-BDB0EAAF1653}.Debug|Any CPU.Build.0 = Debug|Any CPU
		{18363085-CB13-4CCB-BE16-BDB0EAAF1653}.Release|Any CPU.ActiveCfg = Release|Any CPU
		{18363085-CB13-4CCB-BE16-BDB0EAAF1653}.Release|Any CPU.Build.0 = Release|Any CPU
		{368A3D92-9608-4D04-A7DB-CCC41416D540}.Debug|Any CPU.ActiveCfg = Debug|Any CPU
		{368A3D92-9608-4D04-A7DB-CCC41416D540}.Debug|Any CPU.Build.0 = Debug|Any CPU
		{368A3D92-9608-4D04-A7DB-CCC41416D540}.Release|Any CPU.ActiveCfg = Release|Any CPU
		{368A3D92-9608-4D04-A7DB-CCC41416D540}.Release|Any CPU.Build.0 = Release|Any CPU
		{F8689421-2CF4-469C-9B53-770BCAFB1DFC}.Debug|Any CPU.ActiveCfg = Debug|Any CPU
		{F8689421-2CF4-469C-9B53-770BCAFB1DFC}.Debug|Any CPU.Build.0 = Debug|Any CPU
		{F8689421-2CF4-469C-9B53-770BCAFB1DFC}.Release|Any CPU.ActiveCfg = Release|Any CPU
		{F8689421-2CF4-469C-9B53-770BCAFB1DFC}.Release|Any CPU.Build.0 = Release|Any CPU
		{29FF4703-9820-4D3B-BE68-F8113FF84EA5}.Debug|Any CPU.ActiveCfg = Debug|Any CPU
		{29FF4703-9820-4D3B-BE68-F8113FF84EA5}.Debug|Any CPU.Build.0 = Debug|Any CPU
		{29FF4703-9820-4D3B-BE68-F8113FF84EA5}.Release|Any CPU.ActiveCfg = Release|Any CPU
		{29FF4703-9820-4D3B-BE68-F8113FF84EA5}.Release|Any CPU.Build.0 = Release|Any CPU
	EndGlobalSection
	GlobalSection(SolutionProperties) = preSolution
		HideSolutionNode = FALSE
	EndGlobalSection
	GlobalSection(ExtensibilityGlobals) = postSolution
		SolutionGuid = {F3A52741-108E-47F4-934B-EF85A12619E2}
	EndGlobalSection
EndGlobal
